
Microsoft Visual Studio Solution File, Format Version 12.00
# Visual Studio Version 16
VisualStudioVersion = 16.0.29911.84
MinimumVisualStudioVersion = 10.0.40219.1
Project("{FAE04EC0-301F-11D3-BF4B-00C04F79EFBC}") = "Cms", "Cms.csproj", "{C07025D7-5215-42BA-BA24-C8E99D50EDAD}"
EndProject
Project("{FAE04EC0-301F-11D3-BF4B-00C04F79EFBC}") = "Cms.Data", "..\Cms.Data\Cms.Data.csproj", "{60F9C625-045A-4BB4-BF71-AD540C9B63A0}"
EndProject
Global
	GlobalSection(SolutionConfigurationPlatforms) = preSolution
		Debug|Any CPU = Debug|Any CPU
		Release|Any CPU = Release|Any CPU
	EndGlobalSection
	GlobalSection(ProjectConfigurationPlatforms) = postSolution
		{C07025D7-5215-42BA-BA24-C8E99D50EDAD}.Debug|Any CPU.ActiveCfg = Debug|Any CPU
		{C07025D7-5215-42BA-BA24-C8E99D50EDAD}.Debug|Any CPU.Build.0 = Debug|Any CPU
		{C07025D7-5215-42BA-BA24-C8E99D50EDAD}.Release|Any CPU.ActiveCfg = Release|Any CPU
		{C07025D7-5215-42BA-BA24-C8E99D50EDAD}.Release|Any CPU.Build.0 = Release|Any CPU
		{60F9C625-045A-4BB4-BF71-AD540C9B63A0}.Debug|Any CPU.ActiveCfg = Debug|Any CPU
		{60F9C625-045A-4BB4-BF71-AD540C9B63A0}.Debug|Any CPU.Build.0 = Debug|Any CPU
		{60F9C625-045A-4BB4-BF71-AD540C9B63A0}.Release|Any CPU.ActiveCfg = Release|Any CPU
		{60F9C625-045A-4BB4-BF71-AD540C9B63A0}.Release|Any CPU.Build.0 = Release|Any CPU
	EndGlobalSection
	GlobalSection(SolutionProperties) = preSolution
		HideSolutionNode = FALSE
	EndGlobalSection
	GlobalSection(ExtensibilityGlobals) = postSolution
		SolutionGuid = {A0DE5284-646D-4087-97A9-89F93657486D}
	EndGlobalSection
EndGlobal
